
Microsoft Visual Studio Solution File, Format Version 12.00
# Visual Studio Version 16
VisualStudioVersion = 16.0.30011.22
MinimumVisualStudioVersion = 10.0.40219.1
Project("{FAE04EC0-301F-11D3-BF4B-00C04F79EFBC}") = "Demo.Core", "Demo.Core\Demo.Core.csproj", "{73717E4C-EAF0-415E-BD6C-2EC492DF43F3}"
EndProject
Project("{FAE04EC0-301F-11D3-BF4B-00C04F79EFBC}") = "Demo.Pages", "Demo.Pages\Demo.Pages.csproj", "{6B52D3B8-C034-4D38-ABB5-F79C8BEF2C90}"
EndProject
Project("{FAE04EC0-301F-11D3-BF4B-00C04F79EFBC}") = "Demo.Tests", "Demo.Tests\Demo.Tests.csproj", "{C8FFE708-4459-4683-A6B9-2213E2BB4F2A}"
EndProject
Global
	GlobalSection(SolutionConfigurationPlatforms) = preSolution
		Debug|Any CPU = Debug|Any CPU
		Release|Any CPU = Release|Any CPU
	EndGlobalSection
	GlobalSection(ProjectConfigurationPlatforms) = postSolution
		{73717E4C-EAF0-415E-BD6C-2EC492DF43F3}.Debug|Any CPU.ActiveCfg = Debug|Any CPU
		{73717E4C-EAF0-415E-BD6C-2EC492DF43F3}.Debug|Any CPU.Build.0 = Debug|Any CPU
		{73717E4C-EAF0-415E-BD6C-2EC492DF43F3}.Release|Any CPU.ActiveCfg = Release|Any CPU
		{73717E4C-EAF0-415E-BD6C-2EC492DF43F3}.Release|Any CPU.Build.0 = Release|Any CPU
		{6B52D3B8-C034-4D38-ABB5-F79C8BEF2C90}.Debug|Any CPU.ActiveCfg = Debug|Any CPU
		{6B52D3B8-C034-4D38-ABB5-F79C8BEF2C90}.Debug|Any CPU.Build.0 = Debug|Any CPU
		{6B52D3B8-C034-4D38-ABB5-F79C8BEF2C90}.Release|Any CPU.ActiveCfg = Release|Any CPU
		{6B52D3B8-C034-4D38-ABB5-F79C8BEF2C90}.Release|Any CPU.Build.0 = Release|Any CPU
		{C8FFE708-4459-4683-A6B9-2213E2BB4F2A}.Debug|Any CPU.ActiveCfg = Debug|Any CPU
		{C8FFE708-4459-4683-A6B9-2213E2BB4F2A}.Debug|Any CPU.Build.0 = Debug|Any CPU
		{C8FFE708-4459-4683-A6B9-2213E2BB4F2A}.Release|Any CPU.ActiveCfg = Release|Any CPU
		{C8FFE708-4459-4683-A6B9-2213E2BB4F2A}.Release|Any CPU.Build.0 = Release|Any CPU
	EndGlobalSection
	GlobalSection(SolutionProperties) = preSolution
		HideSolutionNode = FALSE
	EndGlobalSection
	GlobalSection(ExtensibilityGlobals) = postSolution
		SolutionGuid = {5BCA5018-61E8-4138-B943-4B184C88F05A}
	EndGlobalSection
EndGlobal
